// !$*UTF8*$!
{
	archiveVersion = 1;
	classes = {
	};
	objectVersion = 50;
	objects = {

/* Begin PBXBuildFile section */
		47BAC423235F2F01007ED558 /* AppDelegate.swift in Sources */ = {isa = PBXBuildFile; fileRef = 47BAC422235F2F01007ED558 /* AppDelegate.swift */; };
		47BAC425235F2F01007ED558 /* SceneDelegate.swift in Sources */ = {isa = PBXBuildFile; fileRef = 47BAC424235F2F01007ED558 /* SceneDelegate.swift */; };
		47BAC427235F2F01007ED558 /* ContentView.swift in Sources */ = {isa = PBXBuildFile; fileRef = 47BAC426235F2F01007ED558 /* ContentView.swift */; };
		47BAC429235F2F02007ED558 /* Assets.xcassets in Resources */ = {isa = PBXBuildFile; fileRef = 47BAC428235F2F02007ED558 /* Assets.xcassets */; };
		47BAC42C235F2F02007ED558 /* Preview Assets.xcassets in Resources */ = {isa = PBXBuildFile; fileRef = 47BAC42B235F2F02007ED558 /* Preview Assets.xcassets */; };
		47BAC42F235F2F02007ED558 /* LaunchScreen.storyboard in Resources */ = {isa = PBXBuildFile; fileRef = 47BAC42D235F2F02007ED558 /* LaunchScreen.storyboard */; };
		47D3E5662361966900B17F33 /* FilmClutterView.swift in Sources */ = {isa = PBXBuildFile; fileRef = 47D3E5652361966900B17F33 /* FilmClutterView.swift */; };
		47D3E5682361969D00B17F33 /* FilmClutterEdgeView.swift in Sources */ = {isa = PBXBuildFile; fileRef = 47D3E5672361969C00B17F33 /* FilmClutterEdgeView.swift */; };
		47D3E56A236196B700B17F33 /* FilmClutterContentView.swift in Sources */ = {isa = PBXBuildFile; fileRef = 47D3E569236196B700B17F33 /* FilmClutterContentView.swift */; };
		47D3E56D236196E800B17F33 /* ProgressViewModel.swift in Sources */ = {isa = PBXBuildFile; fileRef = 47D3E56C236196E800B17F33 /* ProgressViewModel.swift */; };
		47D3E56F2361970400B17F33 /* FilmClutterProgressView.swift in Sources */ = {isa = PBXBuildFile; fileRef = 47D3E56E2361970400B17F33 /* FilmClutterProgressView.swift */; };
		47D3E5722361977800B17F33 /* Color.swift in Sources */ = {isa = PBXBuildFile; fileRef = 47D3E5712361977800B17F33 /* Color.swift */; };
		47D3E5742361983900B17F33 /* SightShape.swift in Sources */ = {isa = PBXBuildFile; fileRef = 47D3E5732361983900B17F33 /* SightShape.swift */; };
		47D3E5782361CF8B00B17F33 /* HoleInViewMask.swift in Sources */ = {isa = PBXBuildFile; fileRef = 47D3E5772361CF8B00B17F33 /* HoleInViewMask.swift */; };
/* End PBXBuildFile section */

/* Begin PBXFileReference section */
		47BAC41F235F2F01007ED558 /* CountdownFlimClutter.app */ = {isa = PBXFileReference; explicitFileType = wrapper.application; includeInIndex = 0; path = CountdownFlimClutter.app; sourceTree = BUILT_PRODUCTS_DIR; };
		47BAC422235F2F01007ED558 /* AppDelegate.swift */ = {isa = PBXFileReference; lastKnownFileType = sourcecode.swift; path = AppDelegate.swift; sourceTree = "<group>"; };
		47BAC424235F2F01007ED558 /* SceneDelegate.swift */ = {isa = PBXFileReference; lastKnownFileType = sourcecode.swift; path = SceneDelegate.swift; sourceTree = "<group>"; };
		47BAC426235F2F01007ED558 /* ContentView.swift */ = {isa = PBXFileReference; lastKnownFileType = sourcecode.swift; path = ContentView.swift; sourceTree = "<group>"; };
		47BAC428235F2F02007ED558 /* Assets.xcassets */ = {isa = PBXFileReference; lastKnownFileType = folder.assetcatalog; path = Assets.xcassets; sourceTree = "<group>"; };
		47BAC42B235F2F02007ED558 /* Preview Assets.xcassets */ = {isa = PBXFileReference; lastKnownFileType = folder.assetcatalog; path = "Preview Assets.xcassets"; sourceTree = "<group>"; };
		47BAC42E235F2F02007ED558 /* Base */ = {isa = PBXFileReference; lastKnownFileType = file.storyboard; name = Base; path = Base.lproj/LaunchScreen.storyboard; sourceTree = "<group>"; };
		47BAC430235F2F02007ED558 /* Info.plist */ = {isa = PBXFileReference; lastKnownFileType = text.plist.xml; path = Info.plist; sourceTree = "<group>"; };
		47D3E5652361966900B17F33 /* FilmClutterView.swift */ = {isa = PBXFileReference; lastKnownFileType = sourcecode.swift; path = FilmClutterView.swift; sourceTree = "<group>"; };
		47D3E5672361969C00B17F33 /* FilmClutterEdgeView.swift */ = {isa = PBXFileReference; lastKnownFileType = sourcecode.swift; path = FilmClutterEdgeView.swift; sourceTree = "<group>"; };
		47D3E569236196B700B17F33 /* FilmClutterContentView.swift */ = {isa = PBXFileReference; lastKnownFileType = sourcecode.swift; path = FilmClutterContentView.swift; sourceTree = "<group>"; };
		47D3E56C236196E800B17F33 /* ProgressViewModel.swift */ = {isa = PBXFileReference; lastKnownFileType = sourcecode.swift; path = ProgressViewModel.swift; sourceTree = "<group>"; };
		47D3E56E2361970400B17F33 /* FilmClutterProgressView.swift */ = {isa = PBXFileReference; lastKnownFileType = sourcecode.swift; path = FilmClutterProgressView.swift; sourceTree = "<group>"; };
		47D3E5712361977800B17F33 /* Color.swift */ = {isa = PBXFileReference; lastKnownFileType = sourcecode.swift; path = Color.swift; sourceTree = "<group>"; };
		47D3E5732361983900B17F33 /* SightShape.swift */ = {isa = PBXFileReference; lastKnownFileType = sourcecode.swift; path = SightShape.swift; sourceTree = "<group>"; };
		47D3E5772361CF8B00B17F33 /* HoleInViewMask.swift */ = {isa = PBXFileReference; lastKnownFileType = sourcecode.swift; path = HoleInViewMask.swift; sourceTree = "<group>"; };
/* End PBXFileReference section */

/* Begin PBXFrameworksBuildPhase section */
		47BAC41C235F2F01007ED558 /* Frameworks */ = {
			isa = PBXFrameworksBuildPhase;
			buildActionMask = 2147483647;
			files = (
			);
			runOnlyForDeploymentPostprocessing = 0;
		};
/* End PBXFrameworksBuildPhase section */

/* Begin PBXGroup section */
		47BAC416235F2F01007ED558 = {
			isa = PBXGroup;
			children = (
				47BAC421235F2F01007ED558 /* CountdownFlimClutter */,
				47BAC420235F2F01007ED558 /* Products */,
			);
			sourceTree = "<group>";
		};
		47BAC420235F2F01007ED558 /* Products */ = {
			isa = PBXGroup;
			children = (
				47BAC41F235F2F01007ED558 /* CountdownFlimClutter.app */,
			);
			name = Products;
			sourceTree = "<group>";
		};
		47BAC421235F2F01007ED558 /* CountdownFlimClutter */ = {
			isa = PBXGroup;
			children = (
				47D3E56B236196DD00B17F33 /* ViewModels */,
				47BAC438235F302C007ED558 /* Views */,
				47BAC437235F2FBA007ED558 /* SupportingFiles */,
				47BAC436235F2FAF007ED558 /* Application */,
				47BAC42A235F2F02007ED558 /* Preview Content */,
			);
			path = CountdownFlimClutter;
			sourceTree = "<group>";
		};
		47BAC42A235F2F02007ED558 /* Preview Content */ = {
			isa = PBXGroup;
			children = (
				47BAC42B235F2F02007ED558 /* Preview Assets.xcassets */,
			);
			path = "Preview Content";
			sourceTree = "<group>";
		};
		47BAC436235F2FAF007ED558 /* Application */ = {
			isa = PBXGroup;
			children = (
				47BAC422235F2F01007ED558 /* AppDelegate.swift */,
				47BAC424235F2F01007ED558 /* SceneDelegate.swift */,
			);
			path = Application;
			sourceTree = "<group>";
		};
		47BAC437235F2FBA007ED558 /* SupportingFiles */ = {
			isa = PBXGroup;
			children = (
				47BAC428235F2F02007ED558 /* Assets.xcassets */,
				47BAC42D235F2F02007ED558 /* LaunchScreen.storyboard */,
				47BAC430235F2F02007ED558 /* Info.plist */,
				47D3E5712361977800B17F33 /* Color.swift */,
			);
			path = SupportingFiles;
			sourceTree = "<group>";
		};
		47BAC438235F302C007ED558 /* Views */ = {
			isa = PBXGroup;
			children = (
				47BAC426235F2F01007ED558 /* ContentView.swift */,
				47D3E5652361966900B17F33 /* FilmClutterView.swift */,
				47D3E5672361969C00B17F33 /* FilmClutterEdgeView.swift */,
				47D3E569236196B700B17F33 /* FilmClutterContentView.swift */,
				47D3E56E2361970400B17F33 /* FilmClutterProgressView.swift */,
				47D3E5732361983900B17F33 /* SightShape.swift */,
				47D3E5772361CF8B00B17F33 /* HoleInViewMask.swift */,
			);
			path = Views;
			sourceTree = "<group>";
		};
		47D3E56B236196DD00B17F33 /* ViewModels */ = {
			isa = PBXGroup;
			children = (
				47D3E56C236196E800B17F33 /* ProgressViewModel.swift */,
			);
			path = ViewModels;
			sourceTree = "<group>";
		};
/* End PBXGroup section */

/* Begin PBXNativeTarget section */
		47BAC41E235F2F01007ED558 /* CountdownFlimClutter */ = {
			isa = PBXNativeTarget;
			buildConfigurationList = 47BAC433235F2F02007ED558 /* Build configuration list for PBXNativeTarget "CountdownFlimClutter" */;
			buildPhases = (
				47BAC41B235F2F01007ED558 /* Sources */,
				47BAC41C235F2F01007ED558 /* Frameworks */,
				47BAC41D235F2F01007ED558 /* Resources */,
			);
			buildRules = (
			);
			dependencies = (
			);
			name = CountdownFlimClutter;
			productName = CountdownFlimClutter;
			productReference = 47BAC41F235F2F01007ED558 /* CountdownFlimClutter.app */;
			productType = "com.apple.product-type.application";
		};
/* End PBXNativeTarget section */

/* Begin PBXProject section */
		47BAC417235F2F01007ED558 /* Project object */ = {
			isa = PBXProject;
			attributes = {
				LastSwiftUpdateCheck = 1110;
				LastUpgradeCheck = 1110;
				ORGANIZATIONNAME = "EL Passion";
				TargetAttributes = {
					47BAC41E235F2F01007ED558 = {
						CreatedOnToolsVersion = 11.1;
					};
				};
			};
			buildConfigurationList = 47BAC41A235F2F01007ED558 /* Build configuration list for PBXProject "CountdownFlimClutter" */;
			compatibilityVersion = "Xcode 9.3";
			developmentRegion = en;
			hasScannedForEncodings = 0;
			knownRegions = (
				en,
				Base,
			);
			mainGroup = 47BAC416235F2F01007ED558;
			productRefGroup = 47BAC420235F2F01007ED558 /* Products */;
			projectDirPath = "";
			projectRoot = "";
			targets = (
				47BAC41E235F2F01007ED558 /* CountdownFlimClutter */,
			);
		};
/* End PBXProject section */

/* Begin PBXResourcesBuildPhase section */
		47BAC41D235F2F01007ED558 /* Resources */ = {
			isa = PBXResourcesBuildPhase;
			buildActionMask = 2147483647;
			files = (
				47BAC42F235F2F02007ED558 /* LaunchScreen.storyboard in Resources */,
				47BAC42C235F2F02007ED558 /* Preview Assets.xcassets in Resources */,
				47BAC429235F2F02007ED558 /* Assets.xcassets in Resources */,
			);
			runOnlyForDeploymentPostprocessing = 0;
		};
/* End PBXResourcesBuildPhase section */

/* Begin PBXSourcesBuildPhase section */
		47BAC41B235F2F01007ED558 /* Sources */ = {
			isa = PBXSourcesBuildPhase;
			buildActionMask = 2147483647;
			files = (
				47D3E56D236196E800B17F33 /* ProgressViewModel.swift in Sources */,
				47D3E5682361969D00B17F33 /* FilmClutterEdgeView.swift in Sources */,
				47D3E5742361983900B17F33 /* SightShape.swift in Sources */,
				47D3E5782361CF8B00B17F33 /* HoleInViewMask.swift in Sources */,
				47BAC423235F2F01007ED558 /* AppDelegate.swift in Sources */,
				47D3E56F2361970400B17F33 /* FilmClutterProgressView.swift in Sources */,
				47BAC425235F2F01007ED558 /* SceneDelegate.swift in Sources */,
				47D3E5662361966900B17F33 /* FilmClutterView.swift in Sources */,
				47D3E56A236196B700B17F33 /* FilmClutterContentView.swift in Sources */,
				47BAC427235F2F01007ED558 /* ContentView.swift in Sources */,
				47D3E5722361977800B17F33 /* Color.swift in Sources */,
			);
			runOnlyForDeploymentPostprocessing = 0;
		};
/* End PBXSourcesBuildPhase section */

/* Begin PBXVariantGroup section */
		47BAC42D235F2F02007ED558 /* LaunchScreen.storyboard */ = {
			isa = PBXVariantGroup;
			children = (
				47BAC42E235F2F02007ED558 /* Base */,
			);
			name = LaunchScreen.storyboard;
			sourceTree = "<group>";
		};
/* End PBXVariantGroup section */

/* Begin XCBuildConfiguration section */
		47BAC431235F2F02007ED558 /* Debug */ = {
			isa = XCBuildConfiguration;
			buildSettings = {
				ALWAYS_SEARCH_USER_PATHS = NO;
				CLANG_ANALYZER_NONNULL = YES;
				CLANG_ANALYZER_NUMBER_OBJECT_CONVERSION = YES_AGGRESSIVE;
				CLANG_CXX_LANGUAGE_STANDARD = "gnu++14";
				CLANG_CXX_LIBRARY = "libc++";
				CLANG_ENABLE_MODULES = YES;
				CLANG_ENABLE_OBJC_ARC = YES;
				CLANG_ENABLE_OBJC_WEAK = YES;
				CLANG_WARN_BLOCK_CAPTURE_AUTORELEASING = YES;
				CLANG_WARN_BOOL_CONVERSION = YES;
				CLANG_WARN_COMMA = YES;
				CLANG_WARN_CONSTANT_CONVERSION = YES;
				CLANG_WARN_DEPRECATED_OBJC_IMPLEMENTATIONS = YES;
				CLANG_WARN_DIRECT_OBJC_ISA_USAGE = YES_ERROR;
				CLANG_WARN_DOCUMENTATION_COMMENTS = YES;
				CLANG_WARN_EMPTY_BODY = YES;
				CLANG_WARN_ENUM_CONVERSION = YES;
				CLANG_WARN_INFINITE_RECURSION = YES;
				CLANG_WARN_INT_CONVERSION = YES;
				CLANG_WARN_NON_LITERAL_NULL_CONVERSION = YES;
				CLANG_WARN_OBJC_IMPLICIT_RETAIN_SELF = YES;
				CLANG_WARN_OBJC_LITERAL_CONVERSION = YES;
				CLANG_WARN_OBJC_ROOT_CLASS = YES_ERROR;
				CLANG_WARN_RANGE_LOOP_ANALYSIS = YES;
				CLANG_WARN_STRICT_PROTOTYPES = YES;
				CLANG_WARN_SUSPICIOUS_MOVE = YES;
				CLANG_WARN_UNGUARDED_AVAILABILITY = YES_AGGRESSIVE;
				CLANG_WARN_UNREACHABLE_CODE = YES;
				CLANG_WARN__DUPLICATE_METHOD_MATCH = YES;
				COPY_PHASE_STRIP = NO;
				DEBUG_INFORMATION_FORMAT = dwarf;
				ENABLE_STRICT_OBJC_MSGSEND = YES;
				ENABLE_TESTABILITY = YES;
				GCC_C_LANGUAGE_STANDARD = gnu11;
				GCC_DYNAMIC_NO_PIC = NO;
				GCC_NO_COMMON_BLOCKS = YES;
				GCC_OPTIMIZATION_LEVEL = 0;
				GCC_PREPROCESSOR_DEFINITIONS = (
					"DEBUG=1",
					"$(inherited)",
				);
				GCC_WARN_64_TO_32_BIT_CONVERSION = YES;
				GCC_WARN_ABOUT_RETURN_TYPE = YES_ERROR;
				GCC_WARN_UNDECLARED_SELECTOR = YES;
				GCC_WARN_UNINITIALIZED_AUTOS = YES_AGGRESSIVE;
				GCC_WARN_UNUSED_FUNCTION = YES;
				GCC_WARN_UNUSED_VARIABLE = YES;
				IPHONEOS_DEPLOYMENT_TARGET = 13.1;
				MTL_ENABLE_DEBUG_INFO = INCLUDE_SOURCE;
				MTL_FAST_MATH = YES;
				ONLY_ACTIVE_ARCH = YES;
				SDKROOT = iphoneos;
				SWIFT_ACTIVE_COMPILATION_CONDITIONS = DEBUG;
				SWIFT_OPTIMIZATION_LEVEL = "-Onone";
			};
			name = Debug;
		};
		47BAC432235F2F02007ED558 /* Release */ = {
			isa = XCBuildConfiguration;
			buildSettings = {
				ALWAYS_SEARCH_USER_PATHS = NO;
				CLANG_ANALYZER_NONNULL = YES;
				CLANG_ANALYZER_NUMBER_OBJECT_CONVERSION = YES_AGGRESSIVE;
				CLANG_CXX_LANGUAGE_STANDARD = "gnu++14";
				CLANG_CXX_LIBRARY = "libc++";
				CLANG_ENABLE_MODULES = YES;
				CLANG_ENABLE_OBJC_ARC = YES;
				CLANG_ENABLE_OBJC_WEAK = YES;
				CLANG_WARN_BLOCK_CAPTURE_AUTORELEASING = YES;
				CLANG_WARN_BOOL_CONVERSION = YES;
				CLANG_WARN_COMMA = YES;
				CLANG_WARN_CONSTANT_CONVERSION = YES;
				CLANG_WARN_DEPRECATED_OBJC_IMPLEMENTATIONS = YES;
				CLANG_WARN_DIRECT_OBJC_ISA_USAGE = YES_ERROR;
				CLANG_WARN_DOCUMENTATION_COMMENTS = YES;
				CLANG_WARN_EMPTY_BODY = YES;
				CLANG_WARN_ENUM_CONVERSION = YES;
				CLANG_WARN_INFINITE_RECURSION = YES;
				CLANG_WARN_INT_CONVERSION = YES;
				CLANG_WARN_NON_LITERAL_NULL_CONVERSION = YES;
				CLANG_WARN_OBJC_IMPLICIT_RETAIN_SELF = YES;
				CLANG_WARN_OBJC_LITERAL_CONVERSION = YES;
				CLANG_WARN_OBJC_ROOT_CLASS = YES_ERROR;
				CLANG_WARN_RANGE_LOOP_ANALYSIS = YES;
				CLANG_WARN_STRICT_PROTOTYPES = YES;
				CLANG_WARN_SUSPICIOUS_MOVE = YES;
				CLANG_WARN_UNGUARDED_AVAILABILITY = YES_AGGRESSIVE;
				CLANG_WARN_UNREACHABLE_CODE = YES;
				CLANG_WARN__DUPLICATE_METHOD_MATCH = YES;
				COPY_PHASE_STRIP = NO;
				DEBUG_INFORMATION_FORMAT = "dwarf-with-dsym";
				ENABLE_NS_ASSERTIONS = NO;
				ENABLE_STRICT_OBJC_MSGSEND = YES;
				GCC_C_LANGUAGE_STANDARD = gnu11;
				GCC_NO_COMMON_BLOCKS = YES;
				GCC_WARN_64_TO_32_BIT_CONVERSION = YES;
				GCC_WARN_ABOUT_RETURN_TYPE = YES_ERROR;
				GCC_WARN_UNDECLARED_SELECTOR = YES;
				GCC_WARN_UNINITIALIZED_AUTOS = YES_AGGRESSIVE;
				GCC_WARN_UNUSED_FUNCTION = YES;
				GCC_WARN_UNUSED_VARIABLE = YES;
				IPHONEOS_DEPLOYMENT_TARGET = 13.1;
				MTL_ENABLE_DEBUG_INFO = NO;
				MTL_FAST_MATH = YES;
				SDKROOT = iphoneos;
				SWIFT_COMPILATION_MODE = wholemodule;
				SWIFT_OPTIMIZATION_LEVEL = "-O";
				VALIDATE_PRODUCT = YES;
			};
			name = Release;
		};
		47BAC434235F2F02007ED558 /* Debug */ = {
			isa = XCBuildConfiguration;
			buildSettings = {
				ASSETCATALOG_COMPILER_APPICON_NAME = AppIcon;
				CODE_SIGN_STYLE = Automatic;
				DEVELOPMENT_ASSET_PATHS = "\"CountdownFlimClutter/Preview Content\"";
				DEVELOPMENT_TEAM = H5QFB36W2F;
				ENABLE_PREVIEWS = YES;
				INFOPLIST_FILE = CountdownFlimClutter/SupportingFiles/Info.plist;
				LD_RUNPATH_SEARCH_PATHS = (
					"$(inherited)",
					"@executable_path/Frameworks",
				);
				PRODUCT_BUNDLE_IDENTIFIER = elpassion.CountdownFlimClutter;
				PRODUCT_NAME = "$(TARGET_NAME)";
				SWIFT_VERSION = 5.0;
				TARGETED_DEVICE_FAMILY = "1,2";
			};
			name = Debug;
		};
		47BAC435235F2F02007ED558 /* Release */ = {
			isa = XCBuildConfiguration;
			buildSettings = {
				ASSETCATALOG_COMPILER_APPICON_NAME = AppIcon;
				CODE_SIGN_STYLE = Automatic;
				DEVELOPMENT_ASSET_PATHS = "\"CountdownFlimClutter/Preview Content\"";
				DEVELOPMENT_TEAM = H5QFB36W2F;
				ENABLE_PREVIEWS = YES;
				INFOPLIST_FILE = CountdownFlimClutter/SupportingFiles/Info.plist;
				LD_RUNPATH_SEARCH_PATHS = (
					"$(inherited)",
					"@executable_path/Frameworks",
				);
				PRODUCT_BUNDLE_IDENTIFIER = elpassion.CountdownFlimClutter;
				PRODUCT_NAME = "$(TARGET_NAME)";
				SWIFT_VERSION = 5.0;
				TARGETED_DEVICE_FAMILY = "1,2";
			};
			name = Release;
		};
/* End XCBuildConfiguration section */

/* Begin XCConfigurationList section */
		47BAC41A235F2F01007ED558 /* Build configuration list for PBXProject "CountdownFlimClutter" */ = {
			isa = XCConfigurationList;
			buildConfigurations = (
				47BAC431235F2F02007ED558 /* Debug */,
				47BAC432235F2F02007ED558 /* Release */,
			);
			defaultConfigurationIsVisible = 0;
			defaultConfigurationName = Release;
		};
		47BAC433235F2F02007ED558 /* Build configuration list for PBXNativeTarget "CountdownFlimClutter" */ = {
			isa = XCConfigurationList;
			buildConfigurations = (
				47BAC434235F2F02007ED558 /* Debug */,
				47BAC435235F2F02007ED558 /* Release */,
			);
			defaultConfigurationIsVisible = 0;
			defaultConfigurationName = Release;
		};
/* End XCConfigurationList section */
	};
	rootObject = 47BAC417235F2F01007ED558 /* Project object */;
}
